// !$*UTF8*$!
{
	archiveVersion = 1;
	classes = {
	};
	objectVersion = 56;
	objects = {

/* Begin PBXBuildFile section */
		/* App files */
		A1000001 /* KesshoApp.swift in Sources */ = {isa = PBXBuildFile; fileRef = B1000001; };
		A1000002 /* ContentView.swift in Sources */ = {isa = PBXBuildFile; fileRef = B1000002; };
		A1000003 /* Assets.xcassets in Resources */ = {isa = PBXBuildFile; fileRef = B1000003; };

		/* Audio Engine */
		A1000010 /* AudioEngine.swift in Sources */ = {isa = PBXBuildFile; fileRef = B1000010; };
		A1000011 /* SynthVoice.swift in Sources */ = {isa = PBXBuildFile; fileRef = B1000011; };
		A1000012 /* GranularProcessor.swift in Sources */ = {isa = PBXBuildFile; fileRef = B1000012; };
		A1000013 /* ReverbProcessor.swift in Sources */ = {isa = PBXBuildFile; fileRef = B1000013; };
		A1000014 /* LeadSynth.swift in Sources */ = {isa = PBXBuildFile; fileRef = B1000014; };
		A1000015 /* OceanSynth.swift in Sources */ = {isa = PBXBuildFile; fileRef = B1000015; };
		A1000060 /* AudioRecorder.swift in Sources */ = {isa = PBXBuildFile; fileRef = B1000060; };
		A1000061 /* DrumMorph.swift in Sources */ = {isa = PBXBuildFile; fileRef = B1000061; };
			A1000062 /* DrumSynth.swift in Sources */ = {isa = PBXBuildFile; fileRef = B1000062; };
			A1000063 /* OceanSamplePlayer.swift in Sources */ = {isa = PBXBuildFile; fileRef = B1000063; };
			A1000073 /* DrumPresetModels.swift in Sources */ = {isa = PBXBuildFile; fileRef = B1000073; };
			A1000074 /* DynamicsCharacterNativeDSP.swift in Sources */ = {isa = PBXBuildFile; fileRef = B1000074; };
			A1000075 /* DynamicsCharacterProcessor.swift in Sources */ = {isa = PBXBuildFile; fileRef = B1000075; };
			A1000081 /* kessho_dynamics_character_unified.cpp in Sources */ = {isa = PBXBuildFile; fileRef = B1000081; };
			A1000082 /* kessho_reverb_unified.cpp in Sources */ = {isa = PBXBuildFile; fileRef = B1000082; };
			A1000083 /* ReverbNativeDSP.swift in Sources */ = {isa = PBXBuildFile; fileRef = B1000083; };
			A1000090 /* PianoSynth.swift in Sources */ = {isa = PBXBuildFile; fileRef = B1000090; };
			A1000091 /* NatureTextureSynth.swift in Sources */ = {isa = PBXBuildFile; fileRef = B1000091; };
			A1000092 /* SharedDelayProcessor.swift in Sources */ = {isa = PBXBuildFile; fileRef = B1000092; };
			A1000093 /* SpectralFreezeProcessor.swift in Sources */ = {isa = PBXBuildFile; fileRef = B1000093; };
			A1000110 /* KesshoProductCore.swift in Sources */ = {isa = PBXBuildFile; fileRef = B1000110; };
			A1000113 /* KesshoProductCoreAudioEngine.swift in Sources */ = {isa = PBXBuildFile; fileRef = B1000113; };
			A1000114 /* KesshoProductCoreAssets.swift in Sources */ = {isa = PBXBuildFile; fileRef = B1000114; };
			A1000115 /* KesshoProductCoreSnapshot.swift in Sources */ = {isa = PBXBuildFile; fileRef = B1000115; };
			A1000111 /* KesshoProductCoreBridge.mm in Sources */ = {isa = PBXBuildFile; fileRef = B1000111; };
			A1000112 /* kessho_product_core_engine.cpp in Sources */ = {isa = PBXBuildFile; fileRef = B1000112; };
			A1000120 /* KesshoProductSchema.swift in Sources */ = {isa = PBXBuildFile; fileRef = B1000120; };
			A1000121 /* KesshoProductEvents.swift in Sources */ = {isa = PBXBuildFile; fileRef = B1000121; };
			A1000122 /* KesshoProductParams.swift in Sources */ = {isa = PBXBuildFile; fileRef = B1000122; };
			A1000130 /* kessho_product_core_modules.cpp in Sources */ = {isa = PBXBuildFile; fileRef = B1000130; };
			A1000131 /* kessho_product_core_dynamics_character_module.cpp in Sources */ = {isa = PBXBuildFile; fileRef = B1000131; };
			A1000132 /* kessho_product_core_dynamics_degrade_module.cpp in Sources */ = {isa = PBXBuildFile; fileRef = B1000132; };
			A1000133 /* kessho_product_core_reverb_module.cpp in Sources */ = {isa = PBXBuildFile; fileRef = B1000133; };
			A1000134 /* kessho_product_core_granular_module.cpp in Sources */ = {isa = PBXBuildFile; fileRef = B1000134; };
			A1000135 /* kessho_product_core_spectral_freeze_module.cpp in Sources */ = {isa = PBXBuildFile; fileRef = B1000135; };
			A1000136 /* kessho_product_core_lead_fm_module.cpp in Sources */ = {isa = PBXBuildFile; fileRef = B1000136; };
			A1000137 /* kessho_product_core_pad_module.cpp in Sources */ = {isa = PBXBuildFile; fileRef = B1000137; };
			A1000138 /* kessho_product_core_drum_module.cpp in Sources */ = {isa = PBXBuildFile; fileRef = B1000138; };
			A1000139 /* kessho_product_core_soundscapes_module.cpp in Sources */ = {isa = PBXBuildFile; fileRef = B1000139; };
			A1000140 /* kessho_product_core_delay_a_module.cpp in Sources */ = {isa = PBXBuildFile; fileRef = B1000140; };
			A1000141 /* kessho_product_core_delay_b_module.cpp in Sources */ = {isa = PBXBuildFile; fileRef = B1000141; };
			A1000142 /* kessho_product_core_wasm_dynamics_degrade.cpp in Sources */ = {isa = PBXBuildFile; fileRef = B1000142; };
			A1000143 /* kessho_product_core_wasm_granular.cpp in Sources */ = {isa = PBXBuildFile; fileRef = B1000143; };
			A1000144 /* kessho_product_core_wasm_spectral_freeze.cpp in Sources */ = {isa = PBXBuildFile; fileRef = B1000144; };
			A1000145 /* kessho_product_core_wasm_lead_fm.cpp in Sources */ = {isa = PBXBuildFile; fileRef = B1000145; };
			A1000146 /* kessho_product_core_wasm_pad.cpp in Sources */ = {isa = PBXBuildFile; fileRef = B1000146; };
			A1000147 /* kessho_product_core_wasm_drum.cpp in Sources */ = {isa = PBXBuildFile; fileRef = B1000147; };
			A1000148 /* kessho_product_core_wasm_soundscapes.cpp in Sources */ = {isa = PBXBuildFile; fileRef = B1000148; };

		/* Harmony */
		A1000020 /* Scales.swift in Sources */ = {isa = PBXBuildFile; fileRef = B1000020; };
		A1000021 /* Harmony.swift in Sources */ = {isa = PBXBuildFile; fileRef = B1000021; };
		A1000022 /* CircleOfFifths.swift in Sources */ = {isa = PBXBuildFile; fileRef = B1000022; };
		A1000023 /* RNG.swift in Sources */ = {isa = PBXBuildFile; fileRef = B1000023; };
		A1000064 /* EuclideanRhythm.swift in Sources */ = {isa = PBXBuildFile; fileRef = B1000064; };

		/* State */
		A1000030 /* AppState.swift in Sources */ = {isa = PBXBuildFile; fileRef = B1000030; };
		A1000031 /* PresetManager.swift in Sources */ = {isa = PBXBuildFile; fileRef = B1000031; };
		A1000032 /* SliderState.swift in Sources */ = {isa = PBXBuildFile; fileRef = B1000032; };

		/* Views */
		A1000040 /* MainView.swift in Sources */ = {isa = PBXBuildFile; fileRef = B1000040; };
		A1000041 /* CircleOfFifthsView.swift in Sources */ = {isa = PBXBuildFile; fileRef = B1000041; };
		A1000042 /* SnowflakeView.swift in Sources */ = {isa = PBXBuildFile; fileRef = B1000042; };
		A1000043 /* PresetListView.swift in Sources */ = {isa = PBXBuildFile; fileRef = B1000043; };
		A1000065 /* RecordingView.swift in Sources */ = {isa = PBXBuildFile; fileRef = B1000065; };
		A1000066 /* SliderControlsView.swift in Sources */ = {isa = PBXBuildFile; fileRef = B1000066; };
		A1000100 /* KesshoMacDesign.swift in Sources */ = {isa = PBXBuildFile; fileRef = B1000100; };
		A1000101 /* KesshoMacComponents.swift in Sources */ = {isa = PBXBuildFile; fileRef = B1000101; };
		A1000102 /* KesshoMacPages.swift in Sources */ = {isa = PBXBuildFile; fileRef = B1000102; };

		/* Services */
		A1000067 /* AudioServiceNotifications.swift in Sources */ = {isa = PBXBuildFile; fileRef = B1000067; };
		A1000068 /* AudioSessionManager.swift in Sources */ = {isa = PBXBuildFile; fileRef = B1000068; };
		A1000069 /* NowPlayingManager.swift in Sources */ = {isa = PBXBuildFile; fileRef = B1000069; };
		A1000076 /* SupabaseService.swift in Sources */ = {isa = PBXBuildFile; fileRef = B1000076; };

		/* MIDI */
		A1000070 /* MIDIModels.swift in Sources */ = {isa = PBXBuildFile; fileRef = B1000070; };
		A1000071 /* MidiMapStore.swift in Sources */ = {isa = PBXBuildFile; fileRef = B1000071; };
		A1000072 /* MIDIManager.swift in Sources */ = {isa = PBXBuildFile; fileRef = B1000072; };

		/* Presets */
		A1000050 /* Presets in Resources */ = {isa = PBXBuildFile; fileRef = B1000050; };
/* End PBXBuildFile section */

/* Begin PBXFileReference section */
		/* App */
		C1000000 /* Kessho.app */ = {isa = PBXFileReference; explicitFileType = wrapper.application; includeInIndex = 0; path = Kessho.app; sourceTree = BUILT_PRODUCTS_DIR; };
		B1000001 /* KesshoApp.swift */ = {isa = PBXFileReference; lastKnownFileType = sourcecode.swift; path = KesshoApp.swift; sourceTree = "<group>"; };
			B1000002 /* ContentView.swift */ = {isa = PBXFileReference; lastKnownFileType = sourcecode.swift; path = ContentView.swift; sourceTree = "<group>"; };
			B1000003 /* Assets.xcassets */ = {isa = PBXFileReference; lastKnownFileType = folder.assetcatalog; path = Assets.xcassets; sourceTree = "<group>"; };
			B1000004 /* Info.plist */ = {isa = PBXFileReference; lastKnownFileType = text.plist.xml; path = Info.plist; sourceTree = "<group>"; };
			B1000005 /* Kessho-Bridging-Header.h */ = {isa = PBXFileReference; lastKnownFileType = sourcecode.c.h; path = "Kessho-Bridging-Header.h"; sourceTree = "<group>"; };

		/* Audio */
		B1000010 /* AudioEngine.swift */ = {isa = PBXFileReference; lastKnownFileType = sourcecode.swift; path = AudioEngine.swift; sourceTree = "<group>"; };
		B1000011 /* SynthVoice.swift */ = {isa = PBXFileReference; lastKnownFileType = sourcecode.swift; path = SynthVoice.swift; sourceTree = "<group>"; };
		B1000012 /* GranularProcessor.swift */ = {isa = PBXFileReference; lastKnownFileType = sourcecode.swift; path = GranularProcessor.swift; sourceTree = "<group>"; };
		B1000013 /* ReverbProcessor.swift */ = {isa = PBXFileReference; lastKnownFileType = sourcecode.swift; path = ReverbProcessor.swift; sourceTree = "<group>"; };
		B1000014 /* LeadSynth.swift */ = {isa = PBXFileReference; lastKnownFileType = sourcecode.swift; path = LeadSynth.swift; sourceTree = "<group>"; };
		B1000015 /* OceanSynth.swift */ = {isa = PBXFileReference; lastKnownFileType = sourcecode.swift; path = OceanSynth.swift; sourceTree = "<group>"; };
		B1000060 /* AudioRecorder.swift */ = {isa = PBXFileReference; lastKnownFileType = sourcecode.swift; path = AudioRecorder.swift; sourceTree = "<group>"; };
		B1000061 /* DrumMorph.swift */ = {isa = PBXFileReference; lastKnownFileType = sourcecode.swift; path = DrumMorph.swift; sourceTree = "<group>"; };
			B1000062 /* DrumSynth.swift */ = {isa = PBXFileReference; lastKnownFileType = sourcecode.swift; path = DrumSynth.swift; sourceTree = "<group>"; };
			B1000063 /* OceanSamplePlayer.swift */ = {isa = PBXFileReference; lastKnownFileType = sourcecode.swift; path = OceanSamplePlayer.swift; sourceTree = "<group>"; };
			B1000073 /* DrumPresetModels.swift */ = {isa = PBXFileReference; lastKnownFileType = sourcecode.swift; path = DrumPresetModels.swift; sourceTree = "<group>"; };
			B1000074 /* DynamicsCharacterNativeDSP.swift */ = {isa = PBXFileReference; lastKnownFileType = sourcecode.swift; path = DynamicsCharacterNativeDSP.swift; sourceTree = "<group>"; };
			B1000075 /* DynamicsCharacterProcessor.swift */ = {isa = PBXFileReference; lastKnownFileType = sourcecode.swift; path = DynamicsCharacterProcessor.swift; sourceTree = "<group>"; };
			B1000081 /* kessho_dynamics_character_unified.cpp */ = {isa = PBXFileReference; lastKnownFileType = sourcecode.cpp.cpp; path = kessho_dynamics_character_unified.cpp; sourceTree = "<group>"; };
			B1000082 /* kessho_reverb_unified.cpp */ = {isa = PBXFileReference; lastKnownFileType = sourcecode.cpp.cpp; path = kessho_reverb_unified.cpp; sourceTree = "<group>"; };
			B1000083 /* ReverbNativeDSP.swift */ = {isa = PBXFileReference; lastKnownFileType = sourcecode.swift; path = ReverbNativeDSP.swift; sourceTree = "<group>"; };
			B1000090 /* PianoSynth.swift */ = {isa = PBXFileReference; lastKnownFileType = sourcecode.swift; path = PianoSynth.swift; sourceTree = "<group>"; };
			B1000091 /* NatureTextureSynth.swift */ = {isa = PBXFileReference; lastKnownFileType = sourcecode.swift; path = NatureTextureSynth.swift; sourceTree = "<group>"; };
			B1000092 /* SharedDelayProcessor.swift */ = {isa = PBXFileReference; lastKnownFileType = sourcecode.swift; path = SharedDelayProcessor.swift; sourceTree = "<group>"; };
			B1000093 /* SpectralFreezeProcessor.swift */ = {isa = PBXFileReference; lastKnownFileType = sourcecode.swift; path = SpectralFreezeProcessor.swift; sourceTree = "<group>"; };
			B1000110 /* KesshoProductCore.swift */ = {isa = PBXFileReference; lastKnownFileType = sourcecode.swift; path = KesshoProductCore.swift; sourceTree = "<group>"; };
			B1000113 /* KesshoProductCoreAudioEngine.swift */ = {isa = PBXFileReference; lastKnownFileType = sourcecode.swift; path = KesshoProductCoreAudioEngine.swift; sourceTree = "<group>"; };
			B1000114 /* KesshoProductCoreAssets.swift */ = {isa = PBXFileReference; lastKnownFileType = sourcecode.swift; path = KesshoProductCoreAssets.swift; sourceTree = "<group>"; };
			B1000115 /* KesshoProductCoreSnapshot.swift */ = {isa = PBXFileReference; lastKnownFileType = sourcecode.swift; path = KesshoProductCoreSnapshot.swift; sourceTree = "<group>"; };
			B1000111 /* KesshoProductCoreBridge.mm */ = {isa = PBXFileReference; lastKnownFileType = sourcecode.cpp.objcpp; path = KesshoProductCoreBridge.mm; sourceTree = "<group>"; };
			B1000112 /* kessho_product_core_engine.cpp */ = {isa = PBXFileReference; lastKnownFileType = sourcecode.cpp.cpp; path = kessho_product_core_engine.cpp; sourceTree = "<group>"; };
			B1000120 /* KesshoProductSchema.swift */ = {isa = PBXFileReference; lastKnownFileType = sourcecode.swift; path = KesshoProductSchema.swift; sourceTree = "<group>"; };
			B1000121 /* KesshoProductEvents.swift */ = {isa = PBXFileReference; lastKnownFileType = sourcecode.swift; path = KesshoProductEvents.swift; sourceTree = "<group>"; };
			B1000122 /* KesshoProductParams.swift */ = {isa = PBXFileReference; lastKnownFileType = sourcecode.swift; path = KesshoProductParams.swift; sourceTree = "<group>"; };
			B1000130 /* kessho_product_core_modules.cpp */ = {isa = PBXFileReference; lastKnownFileType = sourcecode.cpp.cpp; path = kessho_product_core_modules.cpp; sourceTree = "<group>"; };
			B1000131 /* kessho_product_core_dynamics_character_module.cpp */ = {isa = PBXFileReference; lastKnownFileType = sourcecode.cpp.cpp; path = kessho_product_core_dynamics_character_module.cpp; sourceTree = "<group>"; };
			B1000132 /* kessho_product_core_dynamics_degrade_module.cpp */ = {isa = PBXFileReference; lastKnownFileType = sourcecode.cpp.cpp; path = kessho_product_core_dynamics_degrade_module.cpp; sourceTree = "<group>"; };
			B1000133 /* kessho_product_core_reverb_module.cpp */ = {isa = PBXFileReference; lastKnownFileType = sourcecode.cpp.cpp; path = kessho_product_core_reverb_module.cpp; sourceTree = "<group>"; };
			B1000134 /* kessho_product_core_granular_module.cpp */ = {isa = PBXFileReference; lastKnownFileType = sourcecode.cpp.cpp; path = kessho_product_core_granular_module.cpp; sourceTree = "<group>"; };
			B1000135 /* kessho_product_core_spectral_freeze_module.cpp */ = {isa = PBXFileReference; lastKnownFileType = sourcecode.cpp.cpp; path = kessho_product_core_spectral_freeze_module.cpp; sourceTree = "<group>"; };
			B1000136 /* kessho_product_core_lead_fm_module.cpp */ = {isa = PBXFileReference; lastKnownFileType = sourcecode.cpp.cpp; path = kessho_product_core_lead_fm_module.cpp; sourceTree = "<group>"; };
			B1000137 /* kessho_product_core_pad_module.cpp */ = {isa = PBXFileReference; lastKnownFileType = sourcecode.cpp.cpp; path = kessho_product_core_pad_module.cpp; sourceTree = "<group>"; };
			B1000138 /* kessho_product_core_drum_module.cpp */ = {isa = PBXFileReference; lastKnownFileType = sourcecode.cpp.cpp; path = kessho_product_core_drum_module.cpp; sourceTree = "<group>"; };
			B1000139 /* kessho_product_core_soundscapes_module.cpp */ = {isa = PBXFileReference; lastKnownFileType = sourcecode.cpp.cpp; path = kessho_product_core_soundscapes_module.cpp; sourceTree = "<group>"; };
			B1000140 /* kessho_product_core_delay_a_module.cpp */ = {isa = PBXFileReference; lastKnownFileType = sourcecode.cpp.cpp; path = kessho_product_core_delay_a_module.cpp; sourceTree = "<group>"; };
			B1000141 /* kessho_product_core_delay_b_module.cpp */ = {isa = PBXFileReference; lastKnownFileType = sourcecode.cpp.cpp; path = kessho_product_core_delay_b_module.cpp; sourceTree = "<group>"; };
			B1000142 /* kessho_product_core_wasm_dynamics_degrade.cpp */ = {isa = PBXFileReference; lastKnownFileType = sourcecode.cpp.cpp; path = kessho_product_core_wasm_dynamics_degrade.cpp; sourceTree = "<group>"; };
			B1000143 /* kessho_product_core_wasm_granular.cpp */ = {isa = PBXFileReference; lastKnownFileType = sourcecode.cpp.cpp; path = kessho_product_core_wasm_granular.cpp; sourceTree = "<group>"; };
			B1000144 /* kessho_product_core_wasm_spectral_freeze.cpp */ = {isa = PBXFileReference; lastKnownFileType = sourcecode.cpp.cpp; path = kessho_product_core_wasm_spectral_freeze.cpp; sourceTree = "<group>"; };
			B1000145 /* kessho_product_core_wasm_lead_fm.cpp */ = {isa = PBXFileReference; lastKnownFileType = sourcecode.cpp.cpp; path = kessho_product_core_wasm_lead_fm.cpp; sourceTree = "<group>"; };
			B1000146 /* kessho_product_core_wasm_pad.cpp */ = {isa = PBXFileReference; lastKnownFileType = sourcecode.cpp.cpp; path = kessho_product_core_wasm_pad.cpp; sourceTree = "<group>"; };
			B1000147 /* kessho_product_core_wasm_drum.cpp */ = {isa = PBXFileReference; lastKnownFileType = sourcecode.cpp.cpp; path = kessho_product_core_wasm_drum.cpp; sourceTree = "<group>"; };
			B1000148 /* kessho_product_core_wasm_soundscapes.cpp */ = {isa = PBXFileReference; lastKnownFileType = sourcecode.cpp.cpp; path = kessho_product_core_wasm_soundscapes.cpp; sourceTree = "<group>"; };

		/* Harmony */
		B1000020 /* Scales.swift */ = {isa = PBXFileReference; lastKnownFileType = sourcecode.swift; path = Scales.swift; sourceTree = "<group>"; };
		B1000021 /* Harmony.swift */ = {isa = PBXFileReference; lastKnownFileType = sourcecode.swift; path = Harmony.swift; sourceTree = "<group>"; };
		B1000022 /* CircleOfFifths.swift */ = {isa = PBXFileReference; lastKnownFileType = sourcecode.swift; path = CircleOfFifths.swift; sourceTree = "<group>"; };
		B1000023 /* RNG.swift */ = {isa = PBXFileReference; lastKnownFileType = sourcecode.swift; path = RNG.swift; sourceTree = "<group>"; };
		B1000064 /* EuclideanRhythm.swift */ = {isa = PBXFileReference; lastKnownFileType = sourcecode.swift; path = EuclideanRhythm.swift; sourceTree = "<group>"; };

		/* State */
		B1000030 /* AppState.swift */ = {isa = PBXFileReference; lastKnownFileType = sourcecode.swift; path = AppState.swift; sourceTree = "<group>"; };
		B1000031 /* PresetManager.swift */ = {isa = PBXFileReference; lastKnownFileType = sourcecode.swift; path = PresetManager.swift; sourceTree = "<group>"; };
		B1000032 /* SliderState.swift */ = {isa = PBXFileReference; lastKnownFileType = sourcecode.swift; path = SliderState.swift; sourceTree = "<group>"; };

		/* Views */
		B1000040 /* MainView.swift */ = {isa = PBXFileReference; lastKnownFileType = sourcecode.swift; path = MainView.swift; sourceTree = "<group>"; };
		B1000041 /* CircleOfFifthsView.swift */ = {isa = PBXFileReference; lastKnownFileType = sourcecode.swift; path = CircleOfFifthsView.swift; sourceTree = "<group>"; };
		B1000042 /* SnowflakeView.swift */ = {isa = PBXFileReference; lastKnownFileType = sourcecode.swift; path = SnowflakeView.swift; sourceTree = "<group>"; };
		B1000043 /* PresetListView.swift */ = {isa = PBXFileReference; lastKnownFileType = sourcecode.swift; path = PresetListView.swift; sourceTree = "<group>"; };
		B1000065 /* RecordingView.swift */ = {isa = PBXFileReference; lastKnownFileType = sourcecode.swift; path = RecordingView.swift; sourceTree = "<group>"; };
		B1000066 /* SliderControlsView.swift */ = {isa = PBXFileReference; lastKnownFileType = sourcecode.swift; path = SliderControlsView.swift; sourceTree = "<group>"; };
		B1000100 /* KesshoMacDesign.swift */ = {isa = PBXFileReference; lastKnownFileType = sourcecode.swift; path = KesshoMacDesign.swift; sourceTree = "<group>"; };
		B1000101 /* KesshoMacComponents.swift */ = {isa = PBXFileReference; lastKnownFileType = sourcecode.swift; path = KesshoMacComponents.swift; sourceTree = "<group>"; };
		B1000102 /* KesshoMacPages.swift */ = {isa = PBXFileReference; lastKnownFileType = sourcecode.swift; path = KesshoMacPages.swift; sourceTree = "<group>"; };

		/* Services */
		B1000067 /* AudioServiceNotifications.swift */ = {isa = PBXFileReference; lastKnownFileType = sourcecode.swift; path = AudioServiceNotifications.swift; sourceTree = "<group>"; };
		B1000068 /* AudioSessionManager.swift */ = {isa = PBXFileReference; lastKnownFileType = sourcecode.swift; path = AudioSessionManager.swift; sourceTree = "<group>"; };
		B1000069 /* NowPlayingManager.swift */ = {isa = PBXFileReference; lastKnownFileType = sourcecode.swift; path = NowPlayingManager.swift; sourceTree = "<group>"; };
		B1000076 /* SupabaseService.swift */ = {isa = PBXFileReference; lastKnownFileType = sourcecode.swift; path = SupabaseService.swift; sourceTree = "<group>"; };

		/* MIDI */
		B1000070 /* MIDIModels.swift */ = {isa = PBXFileReference; lastKnownFileType = sourcecode.swift; path = MIDIModels.swift; sourceTree = "<group>"; };
		B1000071 /* MidiMapStore.swift */ = {isa = PBXFileReference; lastKnownFileType = sourcecode.swift; path = MidiMapStore.swift; sourceTree = "<group>"; };
		B1000072 /* MIDIManager.swift */ = {isa = PBXFileReference; lastKnownFileType = sourcecode.swift; path = MIDIManager.swift; sourceTree = "<group>"; };

		/* Presets folder */
		B1000050 /* Presets */ = {isa = PBXFileReference; lastKnownFileType = folder; path = Presets; sourceTree = "<group>"; };
/* End PBXFileReference section */

/* Begin PBXFrameworksBuildPhase section */
		D1000001 /* Frameworks */ = {
			isa = PBXFrameworksBuildPhase;
			buildActionMask = 2147483647;
			files = (
			);
			runOnlyForDeploymentPostprocessing = 0;
		};
/* End PBXFrameworksBuildPhase section */

/* Begin PBXGroup section */
		E1000000 = {
			isa = PBXGroup;
				children = (
					E1000001 /* Kessho */,
					E1000070 /* NativeDSP */,
					E1000111 /* CoreBridge */,
					E1000120 /* Generated */,
					E1000099 /* Products */,
				);
			sourceTree = "<group>";
		};
		E1000099 /* Products */ = {
			isa = PBXGroup;
			children = (
				C1000000 /* Kessho.app */,
			);
			name = Products;
			sourceTree = "<group>";
		};
		E1000001 /* Kessho */ = {
			isa = PBXGroup;
			children = (
				B1000001 /* KesshoApp.swift */,
					B1000002 /* ContentView.swift */,
					B1000004 /* Info.plist */,
					B1000005 /* Kessho-Bridging-Header.h */,
					B1000003 /* Assets.xcassets */,
				E1000010 /* Audio */,
				E1000110 /* CoreBridge */,
				E1000020 /* Harmony */,
				E1000030 /* State */,
				E1000080 /* Platform */,
				E1000050 /* Services */,
				E1000060 /* MIDI */,
				E1000040 /* Views */,
				B1000050 /* Presets */,
			);
			path = Kessho;
			sourceTree = "<group>";
		};
		E1000010 /* Audio */ = {
			isa = PBXGroup;
			children = (
				B1000010 /* AudioEngine.swift */,
				B1000011 /* SynthVoice.swift */,
				B1000012 /* GranularProcessor.swift */,
				B1000013 /* ReverbProcessor.swift */,
				B1000014 /* LeadSynth.swift */,
				B1000015 /* OceanSynth.swift */,
				B1000060 /* AudioRecorder.swift */,
				B1000073 /* DrumPresetModels.swift */,
					B1000061 /* DrumMorph.swift */,
					B1000062 /* DrumSynth.swift */,
					B1000063 /* OceanSamplePlayer.swift */,
					B1000074 /* DynamicsCharacterNativeDSP.swift */,
					B1000075 /* DynamicsCharacterProcessor.swift */,
					B1000083 /* ReverbNativeDSP.swift */,
					B1000090 /* PianoSynth.swift */,
					B1000091 /* NatureTextureSynth.swift */,
					B1000092 /* SharedDelayProcessor.swift */,
					B1000093 /* SpectralFreezeProcessor.swift */,
				);
			path = Audio;
			sourceTree = "<group>";
		};
		E1000110 /* CoreBridge */ = {
			isa = PBXGroup;
			children = (
				B1000110 /* KesshoProductCore.swift */,
				B1000113 /* KesshoProductCoreAudioEngine.swift */,
				B1000114 /* KesshoProductCoreAssets.swift */,
				B1000115 /* KesshoProductCoreSnapshot.swift */,
			);
			path = CoreBridge;
			sourceTree = "<group>";
		};
		E1000020 /* Harmony */ = {
			isa = PBXGroup;
			children = (
				B1000020 /* Scales.swift */,
				B1000021 /* Harmony.swift */,
				B1000022 /* CircleOfFifths.swift */,
				B1000023 /* RNG.swift */,
				B1000064 /* EuclideanRhythm.swift */,
			);
			path = Harmony;
			sourceTree = "<group>";
		};
		E1000030 /* State */ = {
			isa = PBXGroup;
			children = (
				B1000030 /* AppState.swift */,
				B1000031 /* PresetManager.swift */,
				B1000032 /* SliderState.swift */,
			);
			path = State;
			sourceTree = "<group>";
		};
		E1000050 /* Services */ = {
			isa = PBXGroup;
			children = (
				B1000067 /* AudioServiceNotifications.swift */,
				B1000068 /* AudioSessionManager.swift */,
				B1000069 /* NowPlayingManager.swift */,
				B1000076 /* SupabaseService.swift */,
			);
			path = Services;
			sourceTree = "<group>";
		};
		E1000060 /* MIDI */ = {
			isa = PBXGroup;
			children = (
				B1000072 /* MIDIManager.swift */,
				B1000070 /* MIDIModels.swift */,
				B1000071 /* MidiMapStore.swift */,
			);
			path = MIDI;
			sourceTree = "<group>";
		};
			E1000040 /* Views */ = {
			isa = PBXGroup;
			children = (
				B1000040 /* MainView.swift */,
				B1000041 /* CircleOfFifthsView.swift */,
				B1000042 /* SnowflakeView.swift */,
				B1000043 /* PresetListView.swift */,
				B1000065 /* RecordingView.swift */,
				B1000066 /* SliderControlsView.swift */,
			);
			path = Views;
				sourceTree = "<group>";
			};
			E1000080 /* Platform */ = {
				isa = PBXGroup;
				children = (
					B1000100 /* KesshoMacDesign.swift */,
					B1000101 /* KesshoMacComponents.swift */,
					B1000102 /* KesshoMacPages.swift */,
				);
				path = Platform;
				sourceTree = "<group>";
			};
			E1000070 /* NativeDSP */ = {
				isa = PBXGroup;
				children = (
					B1000081 /* kessho_dynamics_character_unified.cpp */,
					B1000082 /* kessho_reverb_unified.cpp */,
				);
				path = NativeDSP;
				sourceTree = "<group>";
			};
			E1000111 /* CoreBridge */ = {
				isa = PBXGroup;
				children = (
					B1000111 /* KesshoProductCoreBridge.mm */,
					B1000112 /* kessho_product_core_engine.cpp */,
					B1000130 /* kessho_product_core_modules.cpp */,
					B1000131 /* kessho_product_core_dynamics_character_module.cpp */,
					B1000132 /* kessho_product_core_dynamics_degrade_module.cpp */,
					B1000133 /* kessho_product_core_reverb_module.cpp */,
					B1000134 /* kessho_product_core_granular_module.cpp */,
					B1000135 /* kessho_product_core_spectral_freeze_module.cpp */,
					B1000136 /* kessho_product_core_lead_fm_module.cpp */,
					B1000137 /* kessho_product_core_pad_module.cpp */,
					B1000138 /* kessho_product_core_drum_module.cpp */,
					B1000139 /* kessho_product_core_soundscapes_module.cpp */,
					B1000140 /* kessho_product_core_delay_a_module.cpp */,
					B1000141 /* kessho_product_core_delay_b_module.cpp */,
					B1000142 /* kessho_product_core_wasm_dynamics_degrade.cpp */,
					B1000143 /* kessho_product_core_wasm_granular.cpp */,
					B1000144 /* kessho_product_core_wasm_spectral_freeze.cpp */,
					B1000145 /* kessho_product_core_wasm_lead_fm.cpp */,
					B1000146 /* kessho_product_core_wasm_pad.cpp */,
					B1000147 /* kessho_product_core_wasm_drum.cpp */,
					B1000148 /* kessho_product_core_wasm_soundscapes.cpp */,
				);
				path = CoreBridge;
				sourceTree = "<group>";
			};
			E1000120 /* Generated */ = {
				isa = PBXGroup;
				children = (
					B1000120 /* KesshoProductSchema.swift */,
					B1000121 /* KesshoProductEvents.swift */,
					B1000122 /* KesshoProductParams.swift */,
				);
				path = Generated;
				sourceTree = "<group>";
			};
	/* End PBXGroup section */

/* Begin PBXNativeTarget section */
		F1000000 /* Kessho */ = {
			isa = PBXNativeTarget;
			buildConfigurationList = G1000000 /* Build configuration list for PBXNativeTarget "Kessho" */;
			buildPhases = (
				F1000001 /* Sources */,
				D1000001 /* Frameworks */,
				F1000002 /* Resources */,
			);
			buildRules = (
			);
			dependencies = (
			);
			name = Kessho;
			productName = Kessho;
			productReference = C1000000 /* Kessho.app */;
			productType = "com.apple.product-type.application";
		};
/* End PBXNativeTarget section */

/* Begin PBXProject section */
		H1000000 /* Project object */ = {
			isa = PBXProject;
			attributes = {
				BuildIndependentTargetsInParallel = 1;
				LastSwiftUpdateCheck = 1500;
				LastUpgradeCheck = 1500;
				TargetAttributes = {
					F1000000 = {
						CreatedOnToolsVersion = 15.0;
					};
				};
			};
			buildConfigurationList = G1000001 /* Build configuration list for PBXProject "Kessho" */;
			compatibilityVersion = "Xcode 14.0";
			developmentRegion = en;
			hasScannedForEncodings = 0;
			knownRegions = (
				en,
				Base,
			);
			mainGroup = E1000000;
			productRefGroup = E1000099 /* Products */;
			projectDirPath = "";
			projectRoot = "";
			targets = (
				F1000000 /* Kessho */,
			);
		};
/* End PBXProject section */

/* Begin PBXResourcesBuildPhase section */
		F1000002 /* Resources */ = {
			isa = PBXResourcesBuildPhase;
			buildActionMask = 2147483647;
			files = (
				A1000003 /* Assets.xcassets in Resources */,
				A1000050 /* Presets in Resources */,
			);
			runOnlyForDeploymentPostprocessing = 0;
		};
/* End PBXResourcesBuildPhase section */

/* Begin PBXSourcesBuildPhase section */
		F1000001 /* Sources */ = {
			isa = PBXSourcesBuildPhase;
			buildActionMask = 2147483647;
			files = (
				A1000001 /* KesshoApp.swift in Sources */,
				A1000002 /* ContentView.swift in Sources */,
				A1000010 /* AudioEngine.swift in Sources */,
				A1000011 /* SynthVoice.swift in Sources */,
				A1000012 /* GranularProcessor.swift in Sources */,
				A1000013 /* ReverbProcessor.swift in Sources */,
				A1000014 /* LeadSynth.swift in Sources */,
				A1000015 /* OceanSynth.swift in Sources */,
				A1000060 /* AudioRecorder.swift in Sources */,
				A1000073 /* DrumPresetModels.swift in Sources */,
					A1000061 /* DrumMorph.swift in Sources */,
					A1000062 /* DrumSynth.swift in Sources */,
					A1000063 /* OceanSamplePlayer.swift in Sources */,
					A1000074 /* DynamicsCharacterNativeDSP.swift in Sources */,
					A1000075 /* DynamicsCharacterProcessor.swift in Sources */,
					A1000083 /* ReverbNativeDSP.swift in Sources */,
					A1000090 /* PianoSynth.swift in Sources */,
					A1000091 /* NatureTextureSynth.swift in Sources */,
					A1000092 /* SharedDelayProcessor.swift in Sources */,
					A1000093 /* SpectralFreezeProcessor.swift in Sources */,
					A1000110 /* KesshoProductCore.swift in Sources */,
					A1000113 /* KesshoProductCoreAudioEngine.swift in Sources */,
					A1000114 /* KesshoProductCoreAssets.swift in Sources */,
					A1000115 /* KesshoProductCoreSnapshot.swift in Sources */,
					A1000111 /* KesshoProductCoreBridge.mm in Sources */,
					A1000112 /* kessho_product_core_engine.cpp in Sources */,
					A1000130 /* kessho_product_core_modules.cpp in Sources */,
					A1000131 /* kessho_product_core_dynamics_character_module.cpp in Sources */,
					A1000132 /* kessho_product_core_dynamics_degrade_module.cpp in Sources */,
					A1000133 /* kessho_product_core_reverb_module.cpp in Sources */,
					A1000134 /* kessho_product_core_granular_module.cpp in Sources */,
					A1000135 /* kessho_product_core_spectral_freeze_module.cpp in Sources */,
					A1000136 /* kessho_product_core_lead_fm_module.cpp in Sources */,
					A1000137 /* kessho_product_core_pad_module.cpp in Sources */,
					A1000138 /* kessho_product_core_drum_module.cpp in Sources */,
					A1000139 /* kessho_product_core_soundscapes_module.cpp in Sources */,
					A1000140 /* kessho_product_core_delay_a_module.cpp in Sources */,
					A1000141 /* kessho_product_core_delay_b_module.cpp in Sources */,
					A1000142 /* kessho_product_core_wasm_dynamics_degrade.cpp in Sources */,
					A1000143 /* kessho_product_core_wasm_granular.cpp in Sources */,
					A1000144 /* kessho_product_core_wasm_spectral_freeze.cpp in Sources */,
					A1000145 /* kessho_product_core_wasm_lead_fm.cpp in Sources */,
					A1000146 /* kessho_product_core_wasm_pad.cpp in Sources */,
					A1000147 /* kessho_product_core_wasm_drum.cpp in Sources */,
					A1000148 /* kessho_product_core_wasm_soundscapes.cpp in Sources */,
					A1000120 /* KesshoProductSchema.swift in Sources */,
					A1000121 /* KesshoProductEvents.swift in Sources */,
					A1000122 /* KesshoProductParams.swift in Sources */,
					A1000081 /* kessho_dynamics_character_unified.cpp in Sources */,
					A1000082 /* kessho_reverb_unified.cpp in Sources */,
					A1000020 /* Scales.swift in Sources */,
				A1000021 /* Harmony.swift in Sources */,
				A1000022 /* CircleOfFifths.swift in Sources */,
				A1000023 /* RNG.swift in Sources */,
				A1000064 /* EuclideanRhythm.swift in Sources */,
				A1000030 /* AppState.swift in Sources */,
				A1000031 /* PresetManager.swift in Sources */,
				A1000032 /* SliderState.swift in Sources */,
				A1000040 /* MainView.swift in Sources */,
				A1000041 /* CircleOfFifthsView.swift in Sources */,
				A1000042 /* SnowflakeView.swift in Sources */,
				A1000043 /* PresetListView.swift in Sources */,
				A1000065 /* RecordingView.swift in Sources */,
				A1000066 /* SliderControlsView.swift in Sources */,
				A1000100 /* KesshoMacDesign.swift in Sources */,
				A1000101 /* KesshoMacComponents.swift in Sources */,
				A1000102 /* KesshoMacPages.swift in Sources */,
				A1000067 /* AudioServiceNotifications.swift in Sources */,
				A1000068 /* AudioSessionManager.swift in Sources */,
				A1000069 /* NowPlayingManager.swift in Sources */,
				A1000076 /* SupabaseService.swift in Sources */,
				A1000070 /* MIDIModels.swift in Sources */,
				A1000071 /* MidiMapStore.swift in Sources */,
				A1000072 /* MIDIManager.swift in Sources */,
			);
			runOnlyForDeploymentPostprocessing = 0;
		};
/* End PBXSourcesBuildPhase section */

/* Begin XCBuildConfiguration section */
		J1000000 /* Debug */ = {
			isa = XCBuildConfiguration;
			buildSettings = {
				ALWAYS_SEARCH_USER_PATHS = NO;
				ASSETCATALOG_COMPILER_GENERATE_SWIFT_ASSET_SYMBOL_EXTENSIONS = YES;
				CLANG_ANALYZER_NONNULL = YES;
				CLANG_ANALYZER_NUMBER_OBJECT_CONVERSION = YES_AGGRESSIVE;
				CLANG_CXX_LANGUAGE_STANDARD = "gnu++20";
				CLANG_ENABLE_MODULES = YES;
				CLANG_ENABLE_OBJC_ARC = YES;
				CLANG_ENABLE_OBJC_WEAK = YES;
				CLANG_WARN_BLOCK_CAPTURE_AUTORELEASING = YES;
				CLANG_WARN_BOOL_CONVERSION = YES;
				CLANG_WARN_COMMA = YES;
				CLANG_WARN_CONSTANT_CONVERSION = YES;
				CLANG_WARN_DEPRECATED_OBJC_IMPLEMENTATIONS = YES;
				CLANG_WARN_DIRECT_OBJC_ISA_USAGE = YES_ERROR;
				CLANG_WARN_DOCUMENTATION_COMMENTS = YES;
				CLANG_WARN_EMPTY_BODY = YES;
				CLANG_WARN_ENUM_CONVERSION = YES;
				CLANG_WARN_INFINITE_RECURSION = YES;
				CLANG_WARN_INT_CONVERSION = YES;
				CLANG_WARN_NON_LITERAL_NULL_CONVERSION = YES;
				CLANG_WARN_OBJC_IMPLICIT_RETAIN_SELF = YES;
				CLANG_WARN_OBJC_LITERAL_CONVERSION = YES;
				CLANG_WARN_OBJC_ROOT_CLASS = YES_ERROR;
				CLANG_WARN_QUOTED_INCLUDE_IN_FRAMEWORK_HEADER = YES;
				CLANG_WARN_RANGE_LOOP_ANALYSIS = YES;
				CLANG_WARN_STRICT_PROTOTYPES = YES;
				CLANG_WARN_SUSPICIOUS_MOVE = YES;
				CLANG_WARN_UNGUARDED_AVAILABILITY = YES_AGGRESSIVE;
				CLANG_WARN_UNREACHABLE_CODE = YES;
				CLANG_WARN__DUPLICATE_METHOD_MATCH = YES;
				COPY_PHASE_STRIP = NO;
				DEBUG_INFORMATION_FORMAT = dwarf;
				ENABLE_STRICT_OBJC_MSGSEND = YES;
				ENABLE_TESTABILITY = YES;
				ENABLE_USER_SCRIPT_SANDBOXING = YES;
				GCC_C_LANGUAGE_STANDARD = gnu17;
				GCC_DYNAMIC_NO_PIC = NO;
				GCC_NO_COMMON_BLOCKS = YES;
				GCC_OPTIMIZATION_LEVEL = 0;
				GCC_PREPROCESSOR_DEFINITIONS = (
					"DEBUG=1",
					"$(inherited)",
				);
				GCC_WARN_64_TO_32_BIT_CONVERSION = YES;
				GCC_WARN_ABOUT_RETURN_TYPE = YES_ERROR;
				GCC_WARN_UNDECLARED_SELECTOR = YES;
				GCC_WARN_UNINITIALIZED_AUTOS = YES_AGGRESSIVE;
				GCC_WARN_UNUSED_FUNCTION = YES;
				GCC_WARN_UNUSED_VARIABLE = YES;
				IPHONEOS_DEPLOYMENT_TARGET = 17.0;
				LOCALIZATION_PREFERS_STRING_CATALOGS = YES;
				MTL_ENABLE_DEBUG_INFO = INCLUDE_SOURCE;
				MTL_FAST_MATH = YES;
				ONLY_ACTIVE_ARCH = YES;
				SDKROOT = iphoneos;
				SWIFT_ACTIVE_COMPILATION_CONDITIONS = "DEBUG $(inherited)";
				SWIFT_OPTIMIZATION_LEVEL = "-Onone";
			};
			name = Debug;
		};
		J1000001 /* Release */ = {
			isa = XCBuildConfiguration;
			buildSettings = {
				ALWAYS_SEARCH_USER_PATHS = NO;
				ASSETCATALOG_COMPILER_GENERATE_SWIFT_ASSET_SYMBOL_EXTENSIONS = YES;
				CLANG_ANALYZER_NONNULL = YES;
				CLANG_ANALYZER_NUMBER_OBJECT_CONVERSION = YES_AGGRESSIVE;
				CLANG_CXX_LANGUAGE_STANDARD = "gnu++20";
				CLANG_ENABLE_MODULES = YES;
				CLANG_ENABLE_OBJC_ARC = YES;
				CLANG_ENABLE_OBJC_WEAK = YES;
				CLANG_WARN_BLOCK_CAPTURE_AUTORELEASING = YES;
				CLANG_WARN_BOOL_CONVERSION = YES;
				CLANG_WARN_COMMA = YES;
				CLANG_WARN_CONSTANT_CONVERSION = YES;
				CLANG_WARN_DEPRECATED_OBJC_IMPLEMENTATIONS = YES;
				CLANG_WARN_DIRECT_OBJC_ISA_USAGE = YES_ERROR;
				CLANG_WARN_DOCUMENTATION_COMMENTS = YES;
				CLANG_WARN_EMPTY_BODY = YES;
				CLANG_WARN_ENUM_CONVERSION = YES;
				CLANG_WARN_INFINITE_RECURSION = YES;
				CLANG_WARN_INT_CONVERSION = YES;
				CLANG_WARN_NON_LITERAL_NULL_CONVERSION = YES;
				CLANG_WARN_OBJC_IMPLICIT_RETAIN_SELF = YES;
				CLANG_WARN_OBJC_LITERAL_CONVERSION = YES;
				CLANG_WARN_OBJC_ROOT_CLASS = YES_ERROR;
				CLANG_WARN_QUOTED_INCLUDE_IN_FRAMEWORK_HEADER = YES;
				CLANG_WARN_RANGE_LOOP_ANALYSIS = YES;
				CLANG_WARN_STRICT_PROTOTYPES = YES;
				CLANG_WARN_SUSPICIOUS_MOVE = YES;
				CLANG_WARN_UNGUARDED_AVAILABILITY = YES_AGGRESSIVE;
				CLANG_WARN_UNREACHABLE_CODE = YES;
				CLANG_WARN__DUPLICATE_METHOD_MATCH = YES;
				COPY_PHASE_STRIP = NO;
				DEBUG_INFORMATION_FORMAT = "dwarf-with-dsym";
				ENABLE_NS_ASSERTIONS = NO;
				ENABLE_STRICT_OBJC_MSGSEND = YES;
				ENABLE_USER_SCRIPT_SANDBOXING = YES;
				GCC_C_LANGUAGE_STANDARD = gnu17;
				GCC_NO_COMMON_BLOCKS = YES;
				GCC_WARN_64_TO_32_BIT_CONVERSION = YES;
				GCC_WARN_ABOUT_RETURN_TYPE = YES_ERROR;
				GCC_WARN_UNDECLARED_SELECTOR = YES;
				GCC_WARN_UNINITIALIZED_AUTOS = YES_AGGRESSIVE;
				GCC_WARN_UNUSED_FUNCTION = YES;
				GCC_WARN_UNUSED_VARIABLE = YES;
				IPHONEOS_DEPLOYMENT_TARGET = 17.0;
				LOCALIZATION_PREFERS_STRING_CATALOGS = YES;
				MTL_ENABLE_DEBUG_INFO = NO;
				MTL_FAST_MATH = YES;
				SDKROOT = iphoneos;
				SWIFT_COMPILATION_MODE = wholemodule;
				VALIDATE_PRODUCT = YES;
			};
			name = Release;
		};
		J1000002 /* Debug */ = {
			isa = XCBuildConfiguration;
			buildSettings = {
				ASSETCATALOG_COMPILER_APPICON_NAME = AppIcon;
				ASSETCATALOG_COMPILER_GLOBAL_ACCENT_COLOR_NAME = AccentColor;
				CODE_SIGN_STYLE = Automatic;
				CURRENT_PROJECT_VERSION = 1;
				DEVELOPMENT_TEAM = "";
				GENERATE_INFOPLIST_FILE = NO;
				HEADER_SEARCH_PATHS = (
					"$(inherited)",
					"CoreBridge/include",
					"../cpp/KesshoCore/include",
					"../cpp/KesshoCore/generated",
					"../wasm/dynamics-character",
					"../wasm/dynamics-degrade",
					"../wasm/reverb",
					"../wasm/granular-fx",
					"../wasm/spectral-freeze",
					"../wasm/lead-fm",
					"../wasm/pad",
					"../wasm/drum",
					"../wasm/soundscapes",
				);
				INFOPLIST_FILE = Kessho/Info.plist;
				INFOPLIST_KEY_CFBundleDisplayName = Kessho;
				INFOPLIST_KEY_LSApplicationCategoryType = "public.app-category.music";
				INFOPLIST_KEY_UIApplicationSceneManifest_Generation = YES;
				INFOPLIST_KEY_UIApplicationSupportsIndirectInputEvents = YES;
				INFOPLIST_KEY_UILaunchScreen_Generation = YES;
				INFOPLIST_KEY_UISupportedInterfaceOrientations_iPad = "UIInterfaceOrientationPortrait UIInterfaceOrientationPortraitUpsideDown UIInterfaceOrientationLandscapeLeft UIInterfaceOrientationLandscapeRight";
				INFOPLIST_KEY_UISupportedInterfaceOrientations_iPhone = "UIInterfaceOrientationPortrait UIInterfaceOrientationLandscapeLeft UIInterfaceOrientationLandscapeRight";
				LD_RUNPATH_SEARCH_PATHS = (
					"$(inherited)",
					"@executable_path/Frameworks",
				);
				MARKETING_VERSION = 1.0;
					PRODUCT_BUNDLE_IDENTIFIER = com.kessho.generativemusic;
					PRODUCT_NAME = "$(TARGET_NAME)";
					SWIFT_OBJC_BRIDGING_HEADER = "Kessho/Kessho-Bridging-Header.h";
					SWIFT_EMIT_LOC_STRINGS = YES;
				SWIFT_VERSION = 5.0;
				TARGETED_DEVICE_FAMILY = "1,2";
			};
			name = Debug;
		};
		J1000003 /* Release */ = {
			isa = XCBuildConfiguration;
			buildSettings = {
				ASSETCATALOG_COMPILER_APPICON_NAME = AppIcon;
				ASSETCATALOG_COMPILER_GLOBAL_ACCENT_COLOR_NAME = AccentColor;
				CODE_SIGN_STYLE = Automatic;
				CURRENT_PROJECT_VERSION = 1;
				DEVELOPMENT_TEAM = "";
				GENERATE_INFOPLIST_FILE = NO;
				HEADER_SEARCH_PATHS = (
					"$(inherited)",
					"CoreBridge/include",
					"../cpp/KesshoCore/include",
					"../cpp/KesshoCore/generated",
					"../wasm/dynamics-character",
					"../wasm/dynamics-degrade",
					"../wasm/reverb",
					"../wasm/granular-fx",
					"../wasm/spectral-freeze",
					"../wasm/lead-fm",
					"../wasm/pad",
					"../wasm/drum",
					"../wasm/soundscapes",
				);
				INFOPLIST_FILE = Kessho/Info.plist;
				INFOPLIST_KEY_CFBundleDisplayName = Kessho;
				INFOPLIST_KEY_LSApplicationCategoryType = "public.app-category.music";
				INFOPLIST_KEY_UIApplicationSceneManifest_Generation = YES;
				INFOPLIST_KEY_UIApplicationSupportsIndirectInputEvents = YES;
				INFOPLIST_KEY_UILaunchScreen_Generation = YES;
				INFOPLIST_KEY_UISupportedInterfaceOrientations_iPad = "UIInterfaceOrientationPortrait UIInterfaceOrientationPortraitUpsideDown UIInterfaceOrientationLandscapeLeft UIInterfaceOrientationLandscapeRight";
				INFOPLIST_KEY_UISupportedInterfaceOrientations_iPhone = "UIInterfaceOrientationPortrait UIInterfaceOrientationLandscapeLeft UIInterfaceOrientationLandscapeRight";
				LD_RUNPATH_SEARCH_PATHS = (
					"$(inherited)",
					"@executable_path/Frameworks",
				);
				MARKETING_VERSION = 1.0;
					PRODUCT_BUNDLE_IDENTIFIER = com.kessho.generativemusic;
					PRODUCT_NAME = "$(TARGET_NAME)";
					SWIFT_OBJC_BRIDGING_HEADER = "Kessho/Kessho-Bridging-Header.h";
					SWIFT_EMIT_LOC_STRINGS = YES;
				SWIFT_VERSION = 5.0;
				TARGETED_DEVICE_FAMILY = "1,2";
			};
			name = Release;
		};
/* End XCBuildConfiguration section */

/* Begin XCConfigurationList section */
		G1000000 /* Build configuration list for PBXNativeTarget "Kessho" */ = {
			isa = XCConfigurationList;
			buildConfigurations = (
				J1000002 /* Debug */,
				J1000003 /* Release */,
			);
			defaultConfigurationIsVisible = 0;
			defaultConfigurationName = Release;
		};
		G1000001 /* Build configuration list for PBXProject "Kessho" */ = {
			isa = XCConfigurationList;
			buildConfigurations = (
				J1000000 /* Debug */,
				J1000001 /* Release */,
			);
			defaultConfigurationIsVisible = 0;
			defaultConfigurationName = Release;
		};
/* End XCConfigurationList section */
	};
	rootObject = H1000000 /* Project object */;
}
